// !$*UTF8*$!
{
	archiveVersion = 1;
	classes = {
	};
	objectVersion = 46;
	objects = {

/* Begin PBXBuildFile section */
		ED2319EC1F12203400113B4A /* AppDelegate.swift in Sources */ = {isa = PBXBuildFile; fileRef = ED2319EB1F12203400113B4A /* AppDelegate.swift */; };
		ED2319EE1F12203400113B4A /* ViewController.swift in Sources */ = {isa = PBXBuildFile; fileRef = ED2319ED1F12203400113B4A /* ViewController.swift */; };
		ED2319F11F12203400113B4A /* Main.storyboard in Resources */ = {isa = PBXBuildFile; fileRef = ED2319EF1F12203400113B4A /* Main.storyboard */; };
		ED2319F31F12203400113B4A /* Assets.xcassets in Resources */ = {isa = PBXBuildFile; fileRef = ED2319F21F12203400113B4A /* Assets.xcassets */; };
		ED2319F61F12203400113B4A /* LaunchScreen.storyboard in Resources */ = {isa = PBXBuildFile; fileRef = ED2319F41F12203400113B4A /* LaunchScreen.storyboard */; };
		ED2319FE1F1220A600113B4A /* IDSSegmentedControl.swift in Sources */ = {isa = PBXBuildFile; fileRef = ED2319FD1F1220A600113B4A /* IDSSegmentedControl.swift */; };
/* End PBXBuildFile section */

/* Begin PBXFileReference section */
		ED2319E81F12203400113B4A /* IDSUIKit.app */ = {isa = PBXFileReference; explicitFileType = wrapper.application; includeInIndex = 0; path = IDSUIKit.app; sourceTree = BUILT_PRODUCTS_DIR; };
		ED2319EB1F12203400113B4A /* AppDelegate.swift */ = {isa = PBXFileReference; lastKnownFileType = sourcecode.swift; path = AppDelegate.swift; sourceTree = "<group>"; };
		ED2319ED1F12203400113B4A /* ViewController.swift */ = {isa = PBXFileReference; lastKnownFileType = sourcecode.swift; path = ViewController.swift; sourceTree = "<group>"; };
		ED2319F01F12203400113B4A /* Base */ = {isa = PBXFileReference; lastKnownFileType = file.storyboard; name = Base; path = Base.lproj/Main.storyboard; sourceTree = "<group>"; };
		ED2319F21F12203400113B4A /* Assets.xcassets */ = {isa = PBXFileReference; lastKnownFileType = folder.assetcatalog; path = Assets.xcassets; sourceTree = "<group>"; };
		ED2319F51F12203400113B4A /* Base */ = {isa = PBXFileReference; lastKnownFileType = file.storyboard; name = Base; path = Base.lproj/LaunchScreen.storyboard; sourceTree = "<group>"; };
		ED2319F71F12203400113B4A /* Info.plist */ = {isa = PBXFileReference; lastKnownFileType = text.plist.xml; path = Info.plist; sourceTree = "<group>"; };
		ED2319FD1F1220A600113B4A /* IDSSegmentedControl.swift */ = {isa = PBXFileReference; fileEncoding = 4; lastKnownFileType = sourcecode.swift; path = IDSSegmentedControl.swift; sourceTree = "<group>"; };
/* End PBXFileReference section */

/* Begin PBXFrameworksBuildPhase section */
		ED2319E51F12203400113B4A /* Frameworks */ = {
			isa = PBXFrameworksBuildPhase;
			buildActionMask = 2147483647;
			files = (
			);
			runOnlyForDeploymentPostprocessing = 0;
		};
/* End PBXFrameworksBuildPhase section */

/* Begin PBXGroup section */
		ED2319DF1F12203400113B4A = {
			isa = PBXGroup;
			children = (
				ED2319EA1F12203400113B4A /* IDSUIKit */,
				ED2319E91F12203400113B4A /* Products */,
			);
			sourceTree = "<group>";
		};
		ED2319E91F12203400113B4A /* Products */ = {
			isa = PBXGroup;
			children = (
				ED2319E81F12203400113B4A /* IDSUIKit.app */,
			);
			name = Products;
			sourceTree = "<group>";
		};
		ED2319EA1F12203400113B4A /* IDSUIKit */ = {
			isa = PBXGroup;
			children = (
				ED2319EB1F12203400113B4A /* AppDelegate.swift */,
				ED2319ED1F12203400113B4A /* ViewController.swift */,
				ED2319EF1F12203400113B4A /* Main.storyboard */,
				ED2319F21F12203400113B4A /* Assets.xcassets */,
				ED2319F41F12203400113B4A /* LaunchScreen.storyboard */,
				ED2319F71F12203400113B4A /* Info.plist */,
				ED2319FD1F1220A600113B4A /* IDSSegmentedControl.swift */,
			);
			path = IDSUIKit;
			sourceTree = "<group>";
		};
/* End PBXGroup section */

/* Begin PBXNativeTarget section */
		ED2319E71F12203400113B4A /* IDSUIKit */ = {
			isa = PBXNativeTarget;
			buildConfigurationList = ED2319FA1F12203400113B4A /* Build configuration list for PBXNativeTarget "IDSUIKit" */;
			buildPhases = (
				ED2319E41F12203400113B4A /* Sources */,
				ED2319E51F12203400113B4A /* Frameworks */,
				ED2319E61F12203400113B4A /* Resources */,
			);
			buildRules = (
			);
			dependencies = (
			);
			name = IDSUIKit;
			productName = IDSUIKit;
			productReference = ED2319E81F12203400113B4A /* IDSUIKit.app */;
			productType = "com.apple.product-type.application";
		};
/* End PBXNativeTarget section */

/* Begin PBXProject section */
		ED2319E01F12203400113B4A /* Project object */ = {
			isa = PBXProject;
			attributes = {
				LastSwiftUpdateCheck = 0830;
				LastUpgradeCheck = 0830;
				ORGANIZATIONNAME = colfly;
				TargetAttributes = {
					ED2319E71F12203400113B4A = {
						CreatedOnToolsVersion = 8.3.2;
						ProvisioningStyle = Automatic;
					};
				};
			};
			buildConfigurationList = ED2319E31F12203400113B4A /* Build configuration list for PBXProject "IDSUIKit" */;
			compatibilityVersion = "Xcode 3.2";
			developmentRegion = English;
			hasScannedForEncodings = 0;
			knownRegions = (
				en,
				Base,
			);
			mainGroup = ED2319DF1F12203400113B4A;
			productRefGroup = ED2319E91F12203400113B4A /* Products */;
			projectDirPath = "";
			projectRoot = "";
			targets = (
				ED2319E71F12203400113B4A /* IDSUIKit */,
			);
		};
/* End PBXProject section */

/* Begin PBXResourcesBuildPhase section */
		ED2319E61F12203400113B4A /* Resources */ = {
			isa = PBXResourcesBuildPhase;
			buildActionMask = 2147483647;
			files = (
				ED2319F61F12203400113B4A /* LaunchScreen.storyboard in Resources */,
				ED2319F31F12203400113B4A /* Assets.xcassets in Resources */,
				ED2319F11F12203400113B4A /* Main.storyboard in Resources */,
			);
			runOnlyForDeploymentPostprocessing = 0;
		};
/* End PBXResourcesBuildPhase section */

/* Begin PBXSourcesBuildPhase section */
		ED2319E41F12203400113B4A /* Sources */ = {
			isa = PBXSourcesBuildPhase;
			buildActionMask = 2147483647;
			files = (
				ED2319EE1F12203400113B4A /* ViewController.swift in Sources */,
				ED2319EC1F12203400113B4A /* AppDelegate.swift in Sources */,
				ED2319FE1F1220A600113B4A /* IDSSegmentedControl.swift in Sources */,
			);
			runOnlyForDeploymentPostprocessing = 0;
		};
/* End PBXSourcesBuildPhase section */

/* Begin PBXVariantGroup section */
		ED2319EF1F12203400113B4A /* Main.storyboard */ = {
			isa = PBXVariantGroup;
			children = (
				ED2319F01F12203400113B4A /* Base */,
			);
			name = Main.storyboard;
			sourceTree = "<group>";
		};
		ED2319F41F12203400113B4A /* LaunchScreen.storyboard */ = {
			isa = PBXVariantGroup;
			children = (
				ED2319F51F12203400113B4A /* Base */,
			);
			name = LaunchScreen.storyboard;
			sourceTree = "<group>";
		};
/* End PBXVariantGroup section */

/* Begin XCBuildConfiguration section */
		ED2319F81F12203400113B4A /* Debug */ = {
			isa = XCBuildConfiguration;
			buildSettings = {
				ALWAYS_SEARCH_USER_PATHS = NO;
				CLANG_ANALYZER_NONNULL = YES;
				CLANG_ANALYZER_NUMBER_OBJECT_CONVERSION = YES_AGGRESSIVE;
				CLANG_CXX_LANGUAGE_STANDARD = "gnu++0x";
				CLANG_CXX_LIBRARY = "libc++";
				CLANG_ENABLE_MODULES = YES;
				CLANG_ENABLE_OBJC_ARC = YES;
				CLANG_WARN_BOOL_CONVERSION = YES;
				CLANG_WARN_CONSTANT_CONVERSION = YES;
				CLANG_WARN_DIRECT_OBJC_ISA_USAGE = YES_ERROR;
				CLANG_WARN_DOCUMENTATION_COMMENTS = YES;
				CLANG_WARN_EMPTY_BODY = YES;
				CLANG_WARN_ENUM_CONVERSION = YES;
				CLANG_WARN_INFINITE_RECURSION = YES;
				CLANG_WARN_INT_CONVERSION = YES;
				CLANG_WARN_OBJC_ROOT_CLASS = YES_ERROR;
				CLANG_WARN_SUSPICIOUS_MOVE = YES;
				CLANG_WARN_UNREACHABLE_CODE = YES;
				CLANG_WARN__DUPLICATE_METHOD_MATCH = YES;
				"CODE_SIGN_IDENTITY[sdk=iphoneos*]" = "iPhone Developer";
				COPY_PHASE_STRIP = NO;
				DEBUG_INFORMATION_FORMAT = dwarf;
				ENABLE_STRICT_OBJC_MSGSEND = YES;
				ENABLE_TESTABILITY = YES;
				GCC_C_LANGUAGE_STANDARD = gnu99;
				GCC_DYNAMIC_NO_PIC = NO;
				GCC_NO_COMMON_BLOCKS = YES;
				GCC_OPTIMIZATION_LEVEL = 0;
				GCC_PREPROCESSOR_DEFINITIONS = (
					"DEBUG=1",
					"$(inherited)",
				);
				GCC_WARN_64_TO_32_BIT_CONVERSION = YES;
				GCC_WARN_ABOUT_RETURN_TYPE = YES_ERROR;
				GCC_WARN_UNDECLARED_SELECTOR = YES;
				GCC_WARN_UNINITIALIZED_AUTOS = YES_AGGRESSIVE;
				GCC_WARN_UNUSED_FUNCTION = YES;
				GCC_WARN_UNUSED_VARIABLE = YES;
				IPHONEOS_DEPLOYMENT_TARGET = 10.3;
				MTL_ENABLE_DEBUG_INFO = YES;
				ONLY_ACTIVE_ARCH = YES;
				SDKROOT = iphoneos;
				SWIFT_ACTIVE_COMPILATION_CONDITIONS = DEBUG;
				SWIFT_OPTIMIZATION_LEVEL = "-Onone";
			};
			name = Debug;
		};
		ED2319F91F12203400113B4A /* Release */ = {
			isa = XCBuildConfiguration;
			buildSettings = {
				ALWAYS_SEARCH_USER_PATHS = NO;
				CLANG_ANALYZER_NONNULL = YES;
				CLANG_ANALYZER_NUMBER_OBJECT_CONVERSION = YES_AGGRESSIVE;
				CLANG_CXX_LANGUAGE_STANDARD = "gnu++0x";
				CLANG_CXX_LIBRARY = "libc++";
				CLANG_ENABLE_MODULES = YES;
				CLANG_ENABLE_OBJC_ARC = YES;
				CLANG_WARN_BOOL_CONVERSION = YES;
				CLANG_WARN_CONSTANT_CONVERSION = YES;
				CLANG_WARN_DIRECT_OBJC_ISA_USAGE = YES_ERROR;
				CLANG_WARN_DOCUMENTATION_COMMENTS = YES;
				CLANG_WARN_EMPTY_BODY = YES;
				CLANG_WARN_ENUM_CONVERSION = YES;
				CLANG_WARN_INFINITE_RECURSION = YES;
				CLANG_WARN_INT_CONVERSION = YES;
				CLANG_WARN_OBJC_ROOT_CLASS = YES_ERROR;
				CLANG_WARN_SUSPICIOUS_MOVE = YES;
				CLANG_WARN_UNREACHABLE_CODE = YES;
				CLANG_WARN__DUPLICATE_METHOD_MATCH = YES;
				"CODE_SIGN_IDENTITY[sdk=iphoneos*]" = "iPhone Developer";
				COPY_PHASE_STRIP = NO;
				DEBUG_INFORMATION_FORMAT = "dwarf-with-dsym";
				ENABLE_NS_ASSERTIONS = NO;
				ENABLE_STRICT_OBJC_MSGSEND = YES;
				GCC_C_LANGUAGE_STANDARD = gnu99;
				GCC_NO_COMMON_BLOCKS = YES;
				GCC_WARN_64_TO_32_BIT_CONVERSION = YES;
				GCC_WARN_ABOUT_RETURN_TYPE = YES_ERROR;
				GCC_WARN_UNDECLARED_SELECTOR = YES;
				GCC_WARN_UNINITIALIZED_AUTOS = YES_AGGRESSIVE;
				GCC_WARN_UNUSED_FUNCTION = YES;
				GCC_WARN_UNUSED_VARIABLE = YES;
				IPHONEOS_DEPLOYMENT_TARGET = 10.3;
				MTL_ENABLE_DEBUG_INFO = NO;
				SDKROOT = iphoneos;
				SWIFT_OPTIMIZATION_LEVEL = "-Owholemodule";
				VALIDATE_PRODUCT = YES;
			};
			name = Release;
		};
		ED2319FB1F12203400113B4A /* Debug */ = {
			isa = XCBuildConfiguration;
			buildSettings = {
				ASSETCATALOG_COMPILER_APPICON_NAME = AppIcon;
				INFOPLIST_FILE = IDSUIKit/Info.plist;
				LD_RUNPATH_SEARCH_PATHS = "$(inherited) @executable_path/Frameworks";
				PRODUCT_BUNDLE_IDENTIFIER = com.colfly.IDSUIKit;
				PRODUCT_NAME = "$(TARGET_NAME)";
				SWIFT_VERSION = 3.0;
			};
			name = Debug;
		};
		ED2319FC1F12203400113B4A /* Release */ = {
			isa = XCBuildConfiguration;
			buildSettings = {
				ASSETCATALOG_COMPILER_APPICON_NAME = AppIcon;
				INFOPLIST_FILE = IDSUIKit/Info.plist;
				LD_RUNPATH_SEARCH_PATHS = "$(inherited) @executable_path/Frameworks";
				PRODUCT_BUNDLE_IDENTIFIER = com.colfly.IDSUIKit;
				PRODUCT_NAME = "$(TARGET_NAME)";
				SWIFT_VERSION = 3.0;
			};
			name = Release;
		};
/* End XCBuildConfiguration section */

/* Begin XCConfigurationList section */
		ED2319E31F12203400113B4A /* Build configuration list for PBXProject "IDSUIKit" */ = {
			isa = XCConfigurationList;
			buildConfigurations = (
				ED2319F81F12203400113B4A /* Debug */,
				ED2319F91F12203400113B4A /* Release */,
			);
			defaultConfigurationIsVisible = 0;
			defaultConfigurationName = Release;
		};
		ED2319FA1F12203400113B4A /* Build configuration list for PBXNativeTarget "IDSUIKit" */ = {
			isa = XCConfigurationList;
			buildConfigurations = (
				ED2319FB1F12203400113B4A /* Debug */,
				ED2319FC1F12203400113B4A /* Release */,
			);
			defaultConfigurationIsVisible = 0;
		};
/* End XCConfigurationList section */
	};
	rootObject = ED2319E01F12203400113B4A /* Project object */;
}
